
Microsoft Visual Studio Solution File, Format Version 12.00
# Visual Studio Version 16
VisualStudioVersion = 16.0.29728.190
MinimumVisualStudioVersion = 10.0.40219.1
Project("{8BC9CEB8-8B4A-11D0-8D11-00A0C91BC942}") = "VDX", "src\VDX.vcxproj", "{473DB71A-EBC1-47F0-AD4D-E472ED9AFA4D}"
EndProject
Project("{8BC9CEB8-8B4A-11D0-8D11-00A0C91BC942}") = "ViGEmClient", "ViGEmClient\src\ViGEmClient.vcxproj", "{7DB06674-1F4F-464B-8E1C-172E9587F9DC}"
EndProject
Project("{2150E333-8FDC-42A3-9474-1A3956D46DE8}") = "client", "client", "{36C70707-1952-4083-937A-95952F0BC45A}"
EndProject
Global
	GlobalSection(SolutionConfigurationPlatforms) = preSolution
		Debug_DLL|x64 = Debug_DLL|x64
		Debug_DLL|x86 = Debug_DLL|x86
		Debug_LIB|x64 = Debug_LIB|x64
		Debug_LIB|x86 = Debug_LIB|x86
		Debug|x64 = Debug|x64
		Debug|x86 = Debug|x86
		Release_DLL|x64 = Release_DLL|x64
		Release_DLL|x86 = Release_DLL|x86
		Release_LIB|x64 = Release_LIB|x64
		Release_LIB|x86 = Release_LIB|x86
		Release|x64 = Release|x64
		Release|x86 = Release|x86
	EndGlobalSection
	GlobalSection(ProjectConfigurationPlatforms) = postSolution
		{473DB71A-EBC1-47F0-AD4D-E472ED9AFA4D}.Debug_DLL|x64.ActiveCfg = Debug|x64
		{473DB71A-EBC1-47F0-AD4D-E472ED9AFA4D}.Debug_DLL|x64.Build.0 = Debug|x64
		{473DB71A-EBC1-47F0-AD4D-E472ED9AFA4D}.Debug_DLL|x86.ActiveCfg = Debug|Win32
		{473DB71A-EBC1-47F0-AD4D-E472ED9AFA4D}.Debug_DLL|x86.Build.0 = Debug|Win32
		{473DB71A-EBC1-47F0-AD4D-E472ED9AFA4D}.Debug_LIB|x64.ActiveCfg = Debug|x64
		{473DB71A-EBC1-47F0-AD4D-E472ED9AFA4D}.Debug_LIB|x64.Build.0 = Debug|x64
		{473DB71A-EBC1-47F0-AD4D-E472ED9AFA4D}.Debug_LIB|x86.ActiveCfg = Debug|Win32
		{473DB71A-EBC1-47F0-AD4D-E472ED9AFA4D}.Debug_LIB|x86.Build.0 = Debug|Win32
		{473DB71A-EBC1-47F0-AD4D-E472ED9AFA4D}.Debug|x64.ActiveCfg = Debug|x64
		{473DB71A-EBC1-47F0-AD4D-E472ED9AFA4D}.Debug|x64.Build.0 = Debug|x64
		{473DB71A-EBC1-47F0-AD4D-E472ED9AFA4D}.Debug|x86.ActiveCfg = Debug|Win32
		{473DB71A-EBC1-47F0-AD4D-E472ED9AFA4D}.Debug|x86.Build.0 = Debug|Win32
		{473DB71A-EBC1-47F0-AD4D-E472ED9AFA4D}.Release_DLL|x64.ActiveCfg = Release|x64
		{473DB71A-EBC1-47F0-AD4D-E472ED9AFA4D}.Release_DLL|x64.Build.0 = Release|x64
		{473DB71A-EBC1-47F0-AD4D-E472ED9AFA4D}.Release_DLL|x86.ActiveCfg = Release|Win32
		{473DB71A-EBC1-47F0-AD4D-E472ED9AFA4D}.Release_DLL|x86.Build.0 = Release|Win32
		{473DB71A-EBC1-47F0-AD4D-E472ED9AFA4D}.Release_LIB|x64.ActiveCfg = Release|x64
		{473DB71A-EBC1-47F0-AD4D-E472ED9AFA4D}.Release_LIB|x64.Build.0 = Release|x64
		{473DB71A-EBC1-47F0-AD4D-E472ED9AFA4D}.Release_LIB|x86.ActiveCfg = Release|Win32
		{473DB71A-EBC1-47F0-AD4D-E472ED9AFA4D}.Release_LIB|x86.Build.0 = Release|Win32
		{473DB71A-EBC1-47F0-AD4D-E472ED9AFA4D}.Release|x64.ActiveCfg = Release|x64
		{473DB71A-EBC1-47F0-AD4D-E472ED9AFA4D}.Release|x64.Build.0 = Release|x64
		{473DB71A-EBC1-47F0-AD4D-E472ED9AFA4D}.Release|x86.ActiveCfg = Release|Win32
		{473DB71A-EBC1-47F0-AD4D-E472ED9AFA4D}.Release|x86.Build.0 = Release|Win32
		{7DB06674-1F4F-464B-8E1C-172E9587F9DC}.Debug_DLL|x64.ActiveCfg = Debug_DLL|x64
		{7DB06674-1F4F-464B-8E1C-172E9587F9DC}.Debug_DLL|x64.Build.0 = Debug_DLL|x64
		{7DB06674-1F4F-464B-8E1C-172E9587F9DC}.Debug_DLL|x86.ActiveCfg = Debug_DLL|Win32
		{7DB06674-1F4F-464B-8E1C-172E9587F9DC}.Debug_DLL|x86.Build.0 = Debug_DLL|Win32
		{7DB06674-1F4F-464B-8E1C-172E9587F9DC}.Debug_LIB|x64.ActiveCfg = Debug_LIB|x64
		{7DB06674-1F4F-464B-8E1C-172E9587F9DC}.Debug_LIB|x64.Build.0 = Debug_LIB|x64
		{7DB06674-1F4F-464B-8E1C-172E9587F9DC}.Debug_LIB|x86.ActiveCfg = Debug_LIB|Win32
		{7DB06674-1F4F-464B-8E1C-172E9587F9DC}.Debug_LIB|x86.Build.0 = Debug_LIB|Win32
		{7DB06674-1F4F-464B-8E1C-172E9587F9DC}.Debug|x64.ActiveCfg = Debug_LIB|x64
		{7DB06674-1F4F-464B-8E1C-172E9587F9DC}.Debug|x64.Build.0 = Debug_LIB|x64
		{7DB06674-1F4F-464B-8E1C-172E9587F9DC}.Debug|x86.ActiveCfg = Debug_LIB|Win32
		{7DB06674-1F4F-464B-8E1C-172E9587F9DC}.Debug|x86.Build.0 = Debug_LIB|Win32
		{7DB06674-1F4F-464B-8E1C-172E9587F9DC}.Release_DLL|x64.ActiveCfg = Release_DLL|x64
		{7DB06674-1F4F-464B-8E1C-172E9587F9DC}.Release_DLL|x64.Build.0 = Release_DLL|x64
		{7DB06674-1F4F-464B-8E1C-172E9587F9DC}.Release_DLL|x86.ActiveCfg = Release_DLL|Win32
		{7DB06674-1F4F-464B-8E1C-172E9587F9DC}.Release_DLL|x86.Build.0 = Release_DLL|Win32
		{7DB06674-1F4F-464B-8E1C-172E9587F9DC}.Release_LIB|x64.ActiveCfg = Release_LIB|x64
		{7DB06674-1F4F-464B-8E1C-172E9587F9DC}.Release_LIB|x64.Build.0 = Release_LIB|x64
		{7DB06674-1F4F-464B-8E1C-172E9587F9DC}.Release_LIB|x86.ActiveCfg = Release_LIB|Win32
		{7DB06674-1F4F-464B-8E1C-172E9587F9DC}.Release_LIB|x86.Build.0 = Release_LIB|Win32
		{7DB06674-1F4F-464B-8E1C-172E9587F9DC}.Release|x64.ActiveCfg = Release_LIB|x64
		{7DB06674-1F4F-464B-8E1C-172E9587F9DC}.Release|x64.Build.0 = Release_LIB|x64
		{7DB06674-1F4F-464B-8E1C-172E9587F9DC}.Release|x86.ActiveCfg = Release_LIB|Win32
		{7DB06674-1F4F-464B-8E1C-172E9587F9DC}.Release|x86.Build.0 = Release_LIB|Win32
	EndGlobalSection
	GlobalSection(SolutionProperties) = preSolution
		HideSolutionNode = FALSE
	EndGlobalSection
	GlobalSection(NestedProjects) = preSolution
		{7DB06674-1F4F-464B-8E1C-172E9587F9DC} = {36C70707-1952-4083-937A-95952F0BC45A}
	EndGlobalSection
	GlobalSection(ExtensibilityGlobals) = postSolution
		SolutionGuid = {1A4F8C98-60E2-416C-BA2B-D0DD859AFEE8}
	EndGlobalSection
EndGlobal
