
Microsoft Visual Studio Solution File, Format Version 12.00
# Visual Studio 15
VisualStudioVersion = 15.0.28010.2003
MinimumVisualStudioVersion = 10.0.40219.1
Project("{8BC9CEB8-8B4A-11D0-8D11-00A0C91BC942}") = "VDX", "src\VDX.vcxproj", "{473DB71A-EBC1-47F0-AD4D-E472ED9AFA4D}"
EndProject
Project("{8BC9CEB8-8B4A-11D0-8D11-00A0C91BC942}") = "ViGEmClient", "ViGEmClient\src\ViGEmClient.vcxproj", "{7DB06674-1F4F-464B-8E1C-172E9587F9DC}"
EndProject
Project("{2150E333-8FDC-42A3-9474-1A3956D46DE8}") = "client", "client", "{36C70707-1952-4083-937A-95952F0BC45A}"
EndProject
Project("{9A19103F-16F7-4668-BE54-9A1E7A4F7556}") = "_build", "build\_build.csproj", "{53DD7103-6566-46FD-AD46-CE9BEE1C04FA}"
EndProject
Global
	GlobalSection(SolutionConfigurationPlatforms) = preSolution
		Debug (dynamic)|x64 = Debug (dynamic)|x64
		Debug (dynamic)|x86 = Debug (dynamic)|x86
		Debug (static)|x64 = Debug (static)|x64
		Debug (static)|x86 = Debug (static)|x86
		Debug|x64 = Debug|x64
		Debug|x86 = Debug|x86
		Release (dynamic)|x64 = Release (dynamic)|x64
		Release (dynamic)|x86 = Release (dynamic)|x86
		Release (static)|x64 = Release (static)|x64
		Release (static)|x86 = Release (static)|x86
		Release|x64 = Release|x64
		Release|x86 = Release|x86
	EndGlobalSection
	GlobalSection(ProjectConfigurationPlatforms) = postSolution
		{473DB71A-EBC1-47F0-AD4D-E472ED9AFA4D}.Debug (dynamic)|x64.ActiveCfg = Debug|x64
		{473DB71A-EBC1-47F0-AD4D-E472ED9AFA4D}.Debug (dynamic)|x64.Build.0 = Debug|x64
		{473DB71A-EBC1-47F0-AD4D-E472ED9AFA4D}.Debug (dynamic)|x86.ActiveCfg = Debug|Win32
		{473DB71A-EBC1-47F0-AD4D-E472ED9AFA4D}.Debug (dynamic)|x86.Build.0 = Debug|Win32
		{473DB71A-EBC1-47F0-AD4D-E472ED9AFA4D}.Debug (static)|x64.ActiveCfg = Debug|x64
		{473DB71A-EBC1-47F0-AD4D-E472ED9AFA4D}.Debug (static)|x64.Build.0 = Debug|x64
		{473DB71A-EBC1-47F0-AD4D-E472ED9AFA4D}.Debug (static)|x86.ActiveCfg = Debug|Win32
		{473DB71A-EBC1-47F0-AD4D-E472ED9AFA4D}.Debug (static)|x86.Build.0 = Debug|Win32
		{473DB71A-EBC1-47F0-AD4D-E472ED9AFA4D}.Debug|x64.ActiveCfg = Debug|x64
		{473DB71A-EBC1-47F0-AD4D-E472ED9AFA4D}.Debug|x64.Build.0 = Debug|x64
		{473DB71A-EBC1-47F0-AD4D-E472ED9AFA4D}.Debug|x86.ActiveCfg = Debug|Win32
		{473DB71A-EBC1-47F0-AD4D-E472ED9AFA4D}.Debug|x86.Build.0 = Debug|Win32
		{473DB71A-EBC1-47F0-AD4D-E472ED9AFA4D}.Release (dynamic)|x64.ActiveCfg = Release|x64
		{473DB71A-EBC1-47F0-AD4D-E472ED9AFA4D}.Release (dynamic)|x64.Build.0 = Release|x64
		{473DB71A-EBC1-47F0-AD4D-E472ED9AFA4D}.Release (dynamic)|x86.ActiveCfg = Release|Win32
		{473DB71A-EBC1-47F0-AD4D-E472ED9AFA4D}.Release (dynamic)|x86.Build.0 = Release|Win32
		{473DB71A-EBC1-47F0-AD4D-E472ED9AFA4D}.Release (static)|x64.ActiveCfg = Release|x64
		{473DB71A-EBC1-47F0-AD4D-E472ED9AFA4D}.Release (static)|x64.Build.0 = Release|x64
		{473DB71A-EBC1-47F0-AD4D-E472ED9AFA4D}.Release (static)|x86.ActiveCfg = Release|Win32
		{473DB71A-EBC1-47F0-AD4D-E472ED9AFA4D}.Release (static)|x86.Build.0 = Release|Win32
		{473DB71A-EBC1-47F0-AD4D-E472ED9AFA4D}.Release|x64.ActiveCfg = Release|x64
		{473DB71A-EBC1-47F0-AD4D-E472ED9AFA4D}.Release|x64.Build.0 = Release|x64
		{473DB71A-EBC1-47F0-AD4D-E472ED9AFA4D}.Release|x86.ActiveCfg = Release|Win32
		{473DB71A-EBC1-47F0-AD4D-E472ED9AFA4D}.Release|x86.Build.0 = Release|Win32
		{7DB06674-1F4F-464B-8E1C-172E9587F9DC}.Debug (dynamic)|x64.ActiveCfg = Debug (dynamic)|x64
		{7DB06674-1F4F-464B-8E1C-172E9587F9DC}.Debug (dynamic)|x64.Build.0 = Debug (dynamic)|x64
		{7DB06674-1F4F-464B-8E1C-172E9587F9DC}.Debug (dynamic)|x86.ActiveCfg = Debug (dynamic)|Win32
		{7DB06674-1F4F-464B-8E1C-172E9587F9DC}.Debug (dynamic)|x86.Build.0 = Debug (dynamic)|Win32
		{7DB06674-1F4F-464B-8E1C-172E9587F9DC}.Debug (static)|x64.ActiveCfg = Debug (static)|x64
		{7DB06674-1F4F-464B-8E1C-172E9587F9DC}.Debug (static)|x64.Build.0 = Debug (static)|x64
		{7DB06674-1F4F-464B-8E1C-172E9587F9DC}.Debug (static)|x86.ActiveCfg = Debug (static)|Win32
		{7DB06674-1F4F-464B-8E1C-172E9587F9DC}.Debug (static)|x86.Build.0 = Debug (static)|Win32
		{7DB06674-1F4F-464B-8E1C-172E9587F9DC}.Debug|x64.ActiveCfg = Debug (static)|x64
		{7DB06674-1F4F-464B-8E1C-172E9587F9DC}.Debug|x64.Build.0 = Debug (static)|x64
		{7DB06674-1F4F-464B-8E1C-172E9587F9DC}.Debug|x86.ActiveCfg = Debug (static)|Win32
		{7DB06674-1F4F-464B-8E1C-172E9587F9DC}.Debug|x86.Build.0 = Debug (static)|Win32
		{7DB06674-1F4F-464B-8E1C-172E9587F9DC}.Release (dynamic)|x64.ActiveCfg = Release (dynamic)|x64
		{7DB06674-1F4F-464B-8E1C-172E9587F9DC}.Release (dynamic)|x64.Build.0 = Release (dynamic)|x64
		{7DB06674-1F4F-464B-8E1C-172E9587F9DC}.Release (dynamic)|x86.ActiveCfg = Release (dynamic)|Win32
		{7DB06674-1F4F-464B-8E1C-172E9587F9DC}.Release (dynamic)|x86.Build.0 = Release (dynamic)|Win32
		{7DB06674-1F4F-464B-8E1C-172E9587F9DC}.Release (static)|x64.ActiveCfg = Release (static)|x64
		{7DB06674-1F4F-464B-8E1C-172E9587F9DC}.Release (static)|x64.Build.0 = Release (static)|x64
		{7DB06674-1F4F-464B-8E1C-172E9587F9DC}.Release (static)|x86.ActiveCfg = Release (static)|Win32
		{7DB06674-1F4F-464B-8E1C-172E9587F9DC}.Release (static)|x86.Build.0 = Release (static)|Win32
		{7DB06674-1F4F-464B-8E1C-172E9587F9DC}.Release|x64.ActiveCfg = Release (static)|x64
		{7DB06674-1F4F-464B-8E1C-172E9587F9DC}.Release|x64.Build.0 = Release (static)|x64
		{7DB06674-1F4F-464B-8E1C-172E9587F9DC}.Release|x86.ActiveCfg = Release (static)|Win32
		{7DB06674-1F4F-464B-8E1C-172E9587F9DC}.Release|x86.Build.0 = Release (static)|Win32
		{53DD7103-6566-46FD-AD46-CE9BEE1C04FA}.Debug (dynamic)|x64.ActiveCfg = Debug|Any CPU
		{53DD7103-6566-46FD-AD46-CE9BEE1C04FA}.Debug (dynamic)|x64.Build.0 = Debug|Any CPU
		{53DD7103-6566-46FD-AD46-CE9BEE1C04FA}.Debug (dynamic)|x86.ActiveCfg = Debug|Any CPU
		{53DD7103-6566-46FD-AD46-CE9BEE1C04FA}.Debug (dynamic)|x86.Build.0 = Debug|Any CPU
		{53DD7103-6566-46FD-AD46-CE9BEE1C04FA}.Debug (static)|x64.ActiveCfg = Debug|Any CPU
		{53DD7103-6566-46FD-AD46-CE9BEE1C04FA}.Debug (static)|x64.Build.0 = Debug|Any CPU
		{53DD7103-6566-46FD-AD46-CE9BEE1C04FA}.Debug (static)|x86.ActiveCfg = Debug|Any CPU
		{53DD7103-6566-46FD-AD46-CE9BEE1C04FA}.Debug (static)|x86.Build.0 = Debug|Any CPU
		{53DD7103-6566-46FD-AD46-CE9BEE1C04FA}.Debug|x64.ActiveCfg = Debug|Any CPU
		{53DD7103-6566-46FD-AD46-CE9BEE1C04FA}.Debug|x64.Build.0 = Debug|Any CPU
		{53DD7103-6566-46FD-AD46-CE9BEE1C04FA}.Debug|x86.ActiveCfg = Debug|Any CPU
		{53DD7103-6566-46FD-AD46-CE9BEE1C04FA}.Debug|x86.Build.0 = Debug|Any CPU
		{53DD7103-6566-46FD-AD46-CE9BEE1C04FA}.Release (dynamic)|x64.ActiveCfg = Release|Any CPU
		{53DD7103-6566-46FD-AD46-CE9BEE1C04FA}.Release (dynamic)|x64.Build.0 = Release|Any CPU
		{53DD7103-6566-46FD-AD46-CE9BEE1C04FA}.Release (dynamic)|x86.ActiveCfg = Release|Any CPU
		{53DD7103-6566-46FD-AD46-CE9BEE1C04FA}.Release (dynamic)|x86.Build.0 = Release|Any CPU
		{53DD7103-6566-46FD-AD46-CE9BEE1C04FA}.Release (static)|x64.ActiveCfg = Release|Any CPU
		{53DD7103-6566-46FD-AD46-CE9BEE1C04FA}.Release (static)|x64.Build.0 = Release|Any CPU
		{53DD7103-6566-46FD-AD46-CE9BEE1C04FA}.Release (static)|x86.ActiveCfg = Release|Any CPU
		{53DD7103-6566-46FD-AD46-CE9BEE1C04FA}.Release (static)|x86.Build.0 = Release|Any CPU
		{53DD7103-6566-46FD-AD46-CE9BEE1C04FA}.Release|x64.ActiveCfg = Release|Any CPU
		{53DD7103-6566-46FD-AD46-CE9BEE1C04FA}.Release|x64.Build.0 = Release|Any CPU
		{53DD7103-6566-46FD-AD46-CE9BEE1C04FA}.Release|x86.ActiveCfg = Release|Any CPU
		{53DD7103-6566-46FD-AD46-CE9BEE1C04FA}.Release|x86.Build.0 = Release|Any CPU
	EndGlobalSection
	GlobalSection(SolutionProperties) = preSolution
		HideSolutionNode = FALSE
	EndGlobalSection
	GlobalSection(NestedProjects) = preSolution
		{7DB06674-1F4F-464B-8E1C-172E9587F9DC} = {36C70707-1952-4083-937A-95952F0BC45A}
	EndGlobalSection
	GlobalSection(ExtensibilityGlobals) = postSolution
		SolutionGuid = {1A4F8C98-60E2-416C-BA2B-D0DD859AFEE8}
	EndGlobalSection
EndGlobal
