
Microsoft Visual Studio Solution File, Format Version 12.00
# Visual Studio 14
VisualStudioVersion = 14.0.25420.1
MinimumVisualStudioVersion = 10.0.40219.1
Project("{8BC9CEB8-8B4A-11D0-8D11-00A0C91BC942}") = "ViGEmBus", "ViGEmBus\ViGEmBus.vcxproj", "{040101B0-EE5C-4EF1-99EE-9F81C795C001}"
EndProject
Project("{8BC9CEB8-8B4A-11D0-8D11-00A0C91BC942}") = "ViGEmTester", "ViGEmTester\ViGEmTester.vcxproj", "{B2F186E5-FD05-4434-8A7F-23B03CA2B20F}"
EndProject
Project("{8BC9CEB8-8B4A-11D0-8D11-00A0C91BC942}") = "ViGEmUM", "ViGEmUM\ViGEmUM.vcxproj", "{F49B380B-52D3-4939-ABE7-A7B1D867B67A}"
EndProject
Project("{8BC9CEB8-8B4A-11D0-8D11-00A0C91BC942}") = "x360ce2ViGEm", "x360ce2ViGEm\x360ce2ViGEm.vcxproj", "{2376E4A1-7809-4A6E-B8D4-7C9AA382C8BF}"
EndProject
Project("{FAE04EC0-301F-11D3-BF4B-00C04F79EFBC}") = "ViGEmUM.NET", "ViGEmUM.NET\ViGEmUM.NET.csproj", "{3A3BF391-1D52-48F9-B08A-CDEF4C119316}"
EndProject
Project("{FAE04EC0-301F-11D3-BF4B-00C04F79EFBC}") = "ViGEmTester.NET", "ViGEmTester.NET\ViGEmTester.NET.csproj", "{7659F652-836B-4ADD-83E1-F615ACFF24A3}"
EndProject
Global
	GlobalSection(SolutionConfigurationPlatforms) = preSolution
		Debug (Win7)|Any CPU = Debug (Win7)|Any CPU
		Debug (Win7)|ARM = Debug (Win7)|ARM
		Debug (Win7)|ARM64 = Debug (Win7)|ARM64
		Debug (Win7)|x64 = Debug (Win7)|x64
		Debug (Win7)|x86 = Debug (Win7)|x86
		Debug|Any CPU = Debug|Any CPU
		Debug|ARM = Debug|ARM
		Debug|ARM64 = Debug|ARM64
		Debug|x64 = Debug|x64
		Debug|x86 = Debug|x86
		Release|Any CPU = Release|Any CPU
		Release|ARM = Release|ARM
		Release|ARM64 = Release|ARM64
		Release|x64 = Release|x64
		Release|x86 = Release|x86
	EndGlobalSection
	GlobalSection(ProjectConfigurationPlatforms) = postSolution
		{040101B0-EE5C-4EF1-99EE-9F81C795C001}.Debug (Win7)|Any CPU.ActiveCfg = Debug (Win7)|Win32
		{040101B0-EE5C-4EF1-99EE-9F81C795C001}.Debug (Win7)|ARM.ActiveCfg = Debug (Win7)|ARM
		{040101B0-EE5C-4EF1-99EE-9F81C795C001}.Debug (Win7)|ARM.Build.0 = Debug (Win7)|ARM
		{040101B0-EE5C-4EF1-99EE-9F81C795C001}.Debug (Win7)|ARM.Deploy.0 = Debug (Win7)|ARM
		{040101B0-EE5C-4EF1-99EE-9F81C795C001}.Debug (Win7)|ARM64.ActiveCfg = Debug (Win7)|ARM64
		{040101B0-EE5C-4EF1-99EE-9F81C795C001}.Debug (Win7)|ARM64.Build.0 = Debug (Win7)|ARM64
		{040101B0-EE5C-4EF1-99EE-9F81C795C001}.Debug (Win7)|ARM64.Deploy.0 = Debug (Win7)|ARM64
		{040101B0-EE5C-4EF1-99EE-9F81C795C001}.Debug (Win7)|x64.ActiveCfg = Debug (Win7)|x64
		{040101B0-EE5C-4EF1-99EE-9F81C795C001}.Debug (Win7)|x64.Build.0 = Debug (Win7)|x64
		{040101B0-EE5C-4EF1-99EE-9F81C795C001}.Debug (Win7)|x64.Deploy.0 = Debug (Win7)|x64
		{040101B0-EE5C-4EF1-99EE-9F81C795C001}.Debug (Win7)|x86.ActiveCfg = Debug (Win7)|Win32
		{040101B0-EE5C-4EF1-99EE-9F81C795C001}.Debug (Win7)|x86.Build.0 = Debug (Win7)|Win32
		{040101B0-EE5C-4EF1-99EE-9F81C795C001}.Debug (Win7)|x86.Deploy.0 = Debug (Win7)|Win32
		{040101B0-EE5C-4EF1-99EE-9F81C795C001}.Debug|Any CPU.ActiveCfg = Debug|Win32
		{040101B0-EE5C-4EF1-99EE-9F81C795C001}.Debug|ARM.ActiveCfg = Debug|ARM
		{040101B0-EE5C-4EF1-99EE-9F81C795C001}.Debug|ARM.Build.0 = Debug|ARM
		{040101B0-EE5C-4EF1-99EE-9F81C795C001}.Debug|ARM.Deploy.0 = Debug|ARM
		{040101B0-EE5C-4EF1-99EE-9F81C795C001}.Debug|ARM64.ActiveCfg = Debug|ARM64
		{040101B0-EE5C-4EF1-99EE-9F81C795C001}.Debug|ARM64.Build.0 = Debug|ARM64
		{040101B0-EE5C-4EF1-99EE-9F81C795C001}.Debug|ARM64.Deploy.0 = Debug|ARM64
		{040101B0-EE5C-4EF1-99EE-9F81C795C001}.Debug|x64.ActiveCfg = Debug|x64
		{040101B0-EE5C-4EF1-99EE-9F81C795C001}.Debug|x64.Build.0 = Debug|x64
		{040101B0-EE5C-4EF1-99EE-9F81C795C001}.Debug|x86.ActiveCfg = Debug|Win32
		{040101B0-EE5C-4EF1-99EE-9F81C795C001}.Debug|x86.Build.0 = Debug|Win32
		{040101B0-EE5C-4EF1-99EE-9F81C795C001}.Debug|x86.Deploy.0 = Debug|Win32
		{040101B0-EE5C-4EF1-99EE-9F81C795C001}.Release|Any CPU.ActiveCfg = Release|Win32
		{040101B0-EE5C-4EF1-99EE-9F81C795C001}.Release|ARM.ActiveCfg = Release|ARM
		{040101B0-EE5C-4EF1-99EE-9F81C795C001}.Release|ARM.Build.0 = Release|ARM
		{040101B0-EE5C-4EF1-99EE-9F81C795C001}.Release|ARM.Deploy.0 = Release|ARM
		{040101B0-EE5C-4EF1-99EE-9F81C795C001}.Release|ARM64.ActiveCfg = Release|ARM64
		{040101B0-EE5C-4EF1-99EE-9F81C795C001}.Release|ARM64.Build.0 = Release|ARM64
		{040101B0-EE5C-4EF1-99EE-9F81C795C001}.Release|ARM64.Deploy.0 = Release|ARM64
		{040101B0-EE5C-4EF1-99EE-9F81C795C001}.Release|x64.ActiveCfg = Release|x64
		{040101B0-EE5C-4EF1-99EE-9F81C795C001}.Release|x64.Build.0 = Release|x64
		{040101B0-EE5C-4EF1-99EE-9F81C795C001}.Release|x86.ActiveCfg = Release|Win32
		{040101B0-EE5C-4EF1-99EE-9F81C795C001}.Release|x86.Build.0 = Release|Win32
		{040101B0-EE5C-4EF1-99EE-9F81C795C001}.Release|x86.Deploy.0 = Release|Win32
		{B2F186E5-FD05-4434-8A7F-23B03CA2B20F}.Debug (Win7)|Any CPU.ActiveCfg = Debug (Win7)|Win32
		{B2F186E5-FD05-4434-8A7F-23B03CA2B20F}.Debug (Win7)|ARM.ActiveCfg = Debug (Win7)|Win32
		{B2F186E5-FD05-4434-8A7F-23B03CA2B20F}.Debug (Win7)|ARM64.ActiveCfg = Debug (Win7)|Win32
		{B2F186E5-FD05-4434-8A7F-23B03CA2B20F}.Debug (Win7)|x64.ActiveCfg = Debug (Win7)|x64
		{B2F186E5-FD05-4434-8A7F-23B03CA2B20F}.Debug (Win7)|x86.ActiveCfg = Debug (Win7)|Win32
		{B2F186E5-FD05-4434-8A7F-23B03CA2B20F}.Debug|Any CPU.ActiveCfg = Debug|Win32
		{B2F186E5-FD05-4434-8A7F-23B03CA2B20F}.Debug|ARM.ActiveCfg = Debug|Win32
		{B2F186E5-FD05-4434-8A7F-23B03CA2B20F}.Debug|ARM64.ActiveCfg = Debug|Win32
		{B2F186E5-FD05-4434-8A7F-23B03CA2B20F}.Debug|x64.ActiveCfg = Debug|x64
		{B2F186E5-FD05-4434-8A7F-23B03CA2B20F}.Debug|x86.ActiveCfg = Debug|Win32
		{B2F186E5-FD05-4434-8A7F-23B03CA2B20F}.Debug|x86.Build.0 = Debug|Win32
		{B2F186E5-FD05-4434-8A7F-23B03CA2B20F}.Release|Any CPU.ActiveCfg = Release|Win32
		{B2F186E5-FD05-4434-8A7F-23B03CA2B20F}.Release|ARM.ActiveCfg = Release|Win32
		{B2F186E5-FD05-4434-8A7F-23B03CA2B20F}.Release|ARM64.ActiveCfg = Release|Win32
		{B2F186E5-FD05-4434-8A7F-23B03CA2B20F}.Release|x64.ActiveCfg = Release|x64
		{B2F186E5-FD05-4434-8A7F-23B03CA2B20F}.Release|x64.Build.0 = Release|x64
		{B2F186E5-FD05-4434-8A7F-23B03CA2B20F}.Release|x86.ActiveCfg = Release|Win32
		{B2F186E5-FD05-4434-8A7F-23B03CA2B20F}.Release|x86.Build.0 = Release|Win32
		{F49B380B-52D3-4939-ABE7-A7B1D867B67A}.Debug (Win7)|Any CPU.ActiveCfg = Debug (Win7)|Win32
		{F49B380B-52D3-4939-ABE7-A7B1D867B67A}.Debug (Win7)|ARM.ActiveCfg = Debug (Win7)|Win32
		{F49B380B-52D3-4939-ABE7-A7B1D867B67A}.Debug (Win7)|ARM64.ActiveCfg = Debug (Win7)|Win32
		{F49B380B-52D3-4939-ABE7-A7B1D867B67A}.Debug (Win7)|x64.ActiveCfg = Debug (Win7)|x64
		{F49B380B-52D3-4939-ABE7-A7B1D867B67A}.Debug (Win7)|x64.Build.0 = Debug (Win7)|x64
		{F49B380B-52D3-4939-ABE7-A7B1D867B67A}.Debug (Win7)|x86.ActiveCfg = Debug (Win7)|Win32
		{F49B380B-52D3-4939-ABE7-A7B1D867B67A}.Debug (Win7)|x86.Build.0 = Debug (Win7)|Win32
		{F49B380B-52D3-4939-ABE7-A7B1D867B67A}.Debug|Any CPU.ActiveCfg = Debug|Win32
		{F49B380B-52D3-4939-ABE7-A7B1D867B67A}.Debug|ARM.ActiveCfg = Debug|Win32
		{F49B380B-52D3-4939-ABE7-A7B1D867B67A}.Debug|ARM64.ActiveCfg = Debug|Win32
		{F49B380B-52D3-4939-ABE7-A7B1D867B67A}.Debug|x64.ActiveCfg = Debug|x64
		{F49B380B-52D3-4939-ABE7-A7B1D867B67A}.Debug|x64.Build.0 = Debug|x64
		{F49B380B-52D3-4939-ABE7-A7B1D867B67A}.Debug|x86.ActiveCfg = Debug|Win32
		{F49B380B-52D3-4939-ABE7-A7B1D867B67A}.Debug|x86.Build.0 = Debug|Win32
		{F49B380B-52D3-4939-ABE7-A7B1D867B67A}.Release|Any CPU.ActiveCfg = Release|Win32
		{F49B380B-52D3-4939-ABE7-A7B1D867B67A}.Release|ARM.ActiveCfg = Release|Win32
		{F49B380B-52D3-4939-ABE7-A7B1D867B67A}.Release|ARM64.ActiveCfg = Release|Win32
		{F49B380B-52D3-4939-ABE7-A7B1D867B67A}.Release|x64.ActiveCfg = Release|x64
		{F49B380B-52D3-4939-ABE7-A7B1D867B67A}.Release|x64.Build.0 = Release|x64
		{F49B380B-52D3-4939-ABE7-A7B1D867B67A}.Release|x86.ActiveCfg = Release|Win32
		{F49B380B-52D3-4939-ABE7-A7B1D867B67A}.Release|x86.Build.0 = Release|Win32
		{2376E4A1-7809-4A6E-B8D4-7C9AA382C8BF}.Debug (Win7)|Any CPU.ActiveCfg = Release|Win32
		{2376E4A1-7809-4A6E-B8D4-7C9AA382C8BF}.Debug (Win7)|Any CPU.Build.0 = Release|Win32
		{2376E4A1-7809-4A6E-B8D4-7C9AA382C8BF}.Debug (Win7)|ARM.ActiveCfg = Release|x64
		{2376E4A1-7809-4A6E-B8D4-7C9AA382C8BF}.Debug (Win7)|ARM.Build.0 = Release|x64
		{2376E4A1-7809-4A6E-B8D4-7C9AA382C8BF}.Debug (Win7)|ARM64.ActiveCfg = Release|x64
		{2376E4A1-7809-4A6E-B8D4-7C9AA382C8BF}.Debug (Win7)|ARM64.Build.0 = Release|x64
		{2376E4A1-7809-4A6E-B8D4-7C9AA382C8BF}.Debug (Win7)|x64.ActiveCfg = Debug|x64
		{2376E4A1-7809-4A6E-B8D4-7C9AA382C8BF}.Debug (Win7)|x64.Build.0 = Debug|x64
		{2376E4A1-7809-4A6E-B8D4-7C9AA382C8BF}.Debug (Win7)|x86.ActiveCfg = Debug|Win32
		{2376E4A1-7809-4A6E-B8D4-7C9AA382C8BF}.Debug (Win7)|x86.Build.0 = Debug|Win32
		{2376E4A1-7809-4A6E-B8D4-7C9AA382C8BF}.Debug|Any CPU.ActiveCfg = Debug|Win32
		{2376E4A1-7809-4A6E-B8D4-7C9AA382C8BF}.Debug|ARM.ActiveCfg = Debug|Win32
		{2376E4A1-7809-4A6E-B8D4-7C9AA382C8BF}.Debug|ARM64.ActiveCfg = Debug|Win32
		{2376E4A1-7809-4A6E-B8D4-7C9AA382C8BF}.Debug|x64.ActiveCfg = Debug|x64
		{2376E4A1-7809-4A6E-B8D4-7C9AA382C8BF}.Debug|x64.Build.0 = Debug|x64
		{2376E4A1-7809-4A6E-B8D4-7C9AA382C8BF}.Debug|x86.ActiveCfg = Debug|Win32
		{2376E4A1-7809-4A6E-B8D4-7C9AA382C8BF}.Debug|x86.Build.0 = Debug|Win32
		{2376E4A1-7809-4A6E-B8D4-7C9AA382C8BF}.Release|Any CPU.ActiveCfg = Release|Win32
		{2376E4A1-7809-4A6E-B8D4-7C9AA382C8BF}.Release|ARM.ActiveCfg = Release|Win32
		{2376E4A1-7809-4A6E-B8D4-7C9AA382C8BF}.Release|ARM64.ActiveCfg = Release|Win32
		{2376E4A1-7809-4A6E-B8D4-7C9AA382C8BF}.Release|x64.ActiveCfg = Release|x64
		{2376E4A1-7809-4A6E-B8D4-7C9AA382C8BF}.Release|x64.Build.0 = Release|x64
		{2376E4A1-7809-4A6E-B8D4-7C9AA382C8BF}.Release|x86.ActiveCfg = Release|Win32
		{2376E4A1-7809-4A6E-B8D4-7C9AA382C8BF}.Release|x86.Build.0 = Release|Win32
		{3A3BF391-1D52-48F9-B08A-CDEF4C119316}.Debug (Win7)|Any CPU.ActiveCfg = Debug|Any CPU
		{3A3BF391-1D52-48F9-B08A-CDEF4C119316}.Debug (Win7)|Any CPU.Build.0 = Debug|Any CPU
		{3A3BF391-1D52-48F9-B08A-CDEF4C119316}.Debug (Win7)|ARM.ActiveCfg = Debug|Any CPU
		{3A3BF391-1D52-48F9-B08A-CDEF4C119316}.Debug (Win7)|ARM.Build.0 = Debug|Any CPU
		{3A3BF391-1D52-48F9-B08A-CDEF4C119316}.Debug (Win7)|ARM64.ActiveCfg = Debug|Any CPU
		{3A3BF391-1D52-48F9-B08A-CDEF4C119316}.Debug (Win7)|ARM64.Build.0 = Debug|Any CPU
		{3A3BF391-1D52-48F9-B08A-CDEF4C119316}.Debug (Win7)|x64.ActiveCfg = Debug|Any CPU
		{3A3BF391-1D52-48F9-B08A-CDEF4C119316}.Debug (Win7)|x64.Build.0 = Debug|Any CPU
		{3A3BF391-1D52-48F9-B08A-CDEF4C119316}.Debug (Win7)|x86.ActiveCfg = Debug|Any CPU
		{3A3BF391-1D52-48F9-B08A-CDEF4C119316}.Debug (Win7)|x86.Build.0 = Debug|Any CPU
		{3A3BF391-1D52-48F9-B08A-CDEF4C119316}.Debug|Any CPU.ActiveCfg = Debug|Any CPU
		{3A3BF391-1D52-48F9-B08A-CDEF4C119316}.Debug|Any CPU.Build.0 = Debug|Any CPU
		{3A3BF391-1D52-48F9-B08A-CDEF4C119316}.Debug|ARM.ActiveCfg = Debug|Any CPU
		{3A3BF391-1D52-48F9-B08A-CDEF4C119316}.Debug|ARM.Build.0 = Debug|Any CPU
		{3A3BF391-1D52-48F9-B08A-CDEF4C119316}.Debug|ARM64.ActiveCfg = Debug|Any CPU
		{3A3BF391-1D52-48F9-B08A-CDEF4C119316}.Debug|ARM64.Build.0 = Debug|Any CPU
		{3A3BF391-1D52-48F9-B08A-CDEF4C119316}.Debug|x64.ActiveCfg = Debug|Any CPU
		{3A3BF391-1D52-48F9-B08A-CDEF4C119316}.Debug|x64.Build.0 = Debug|Any CPU
		{3A3BF391-1D52-48F9-B08A-CDEF4C119316}.Debug|x86.ActiveCfg = Debug|Any CPU
		{3A3BF391-1D52-48F9-B08A-CDEF4C119316}.Debug|x86.Build.0 = Debug|Any CPU
		{3A3BF391-1D52-48F9-B08A-CDEF4C119316}.Release|Any CPU.ActiveCfg = Release|Any CPU
		{3A3BF391-1D52-48F9-B08A-CDEF4C119316}.Release|Any CPU.Build.0 = Release|Any CPU
		{3A3BF391-1D52-48F9-B08A-CDEF4C119316}.Release|ARM.ActiveCfg = Release|Any CPU
		{3A3BF391-1D52-48F9-B08A-CDEF4C119316}.Release|ARM.Build.0 = Release|Any CPU
		{3A3BF391-1D52-48F9-B08A-CDEF4C119316}.Release|ARM64.ActiveCfg = Release|Any CPU
		{3A3BF391-1D52-48F9-B08A-CDEF4C119316}.Release|ARM64.Build.0 = Release|Any CPU
		{3A3BF391-1D52-48F9-B08A-CDEF4C119316}.Release|x64.ActiveCfg = Release|Any CPU
		{3A3BF391-1D52-48F9-B08A-CDEF4C119316}.Release|x64.Build.0 = Release|Any CPU
		{3A3BF391-1D52-48F9-B08A-CDEF4C119316}.Release|x86.ActiveCfg = Release|Any CPU
		{3A3BF391-1D52-48F9-B08A-CDEF4C119316}.Release|x86.Build.0 = Release|Any CPU
		{7659F652-836B-4ADD-83E1-F615ACFF24A3}.Debug (Win7)|Any CPU.ActiveCfg = Debug|Any CPU
		{7659F652-836B-4ADD-83E1-F615ACFF24A3}.Debug (Win7)|Any CPU.Build.0 = Debug|Any CPU
		{7659F652-836B-4ADD-83E1-F615ACFF24A3}.Debug (Win7)|ARM.ActiveCfg = Debug|Any CPU
		{7659F652-836B-4ADD-83E1-F615ACFF24A3}.Debug (Win7)|ARM.Build.0 = Debug|Any CPU
		{7659F652-836B-4ADD-83E1-F615ACFF24A3}.Debug (Win7)|ARM64.ActiveCfg = Debug|Any CPU
		{7659F652-836B-4ADD-83E1-F615ACFF24A3}.Debug (Win7)|ARM64.Build.0 = Debug|Any CPU
		{7659F652-836B-4ADD-83E1-F615ACFF24A3}.Debug (Win7)|x64.ActiveCfg = Debug|Any CPU
		{7659F652-836B-4ADD-83E1-F615ACFF24A3}.Debug (Win7)|x64.Build.0 = Debug|Any CPU
		{7659F652-836B-4ADD-83E1-F615ACFF24A3}.Debug (Win7)|x86.ActiveCfg = Debug|Any CPU
		{7659F652-836B-4ADD-83E1-F615ACFF24A3}.Debug (Win7)|x86.Build.0 = Debug|Any CPU
		{7659F652-836B-4ADD-83E1-F615ACFF24A3}.Debug|Any CPU.ActiveCfg = Debug|Any CPU
		{7659F652-836B-4ADD-83E1-F615ACFF24A3}.Debug|Any CPU.Build.0 = Debug|Any CPU
		{7659F652-836B-4ADD-83E1-F615ACFF24A3}.Debug|ARM.ActiveCfg = Debug|Any CPU
		{7659F652-836B-4ADD-83E1-F615ACFF24A3}.Debug|ARM.Build.0 = Debug|Any CPU
		{7659F652-836B-4ADD-83E1-F615ACFF24A3}.Debug|ARM64.ActiveCfg = Debug|Any CPU
		{7659F652-836B-4ADD-83E1-F615ACFF24A3}.Debug|ARM64.Build.0 = Debug|Any CPU
		{7659F652-836B-4ADD-83E1-F615ACFF24A3}.Debug|x64.ActiveCfg = Debug|Any CPU
		{7659F652-836B-4ADD-83E1-F615ACFF24A3}.Debug|x64.Build.0 = Debug|Any CPU
		{7659F652-836B-4ADD-83E1-F615ACFF24A3}.Debug|x86.ActiveCfg = Debug|Any CPU
		{7659F652-836B-4ADD-83E1-F615ACFF24A3}.Debug|x86.Build.0 = Debug|Any CPU
		{7659F652-836B-4ADD-83E1-F615ACFF24A3}.Release|Any CPU.ActiveCfg = Release|Any CPU
		{7659F652-836B-4ADD-83E1-F615ACFF24A3}.Release|Any CPU.Build.0 = Release|Any CPU
		{7659F652-836B-4ADD-83E1-F615ACFF24A3}.Release|ARM.ActiveCfg = Release|Any CPU
		{7659F652-836B-4ADD-83E1-F615ACFF24A3}.Release|ARM.Build.0 = Release|Any CPU
		{7659F652-836B-4ADD-83E1-F615ACFF24A3}.Release|ARM64.ActiveCfg = Release|Any CPU
		{7659F652-836B-4ADD-83E1-F615ACFF24A3}.Release|ARM64.Build.0 = Release|Any CPU
		{7659F652-836B-4ADD-83E1-F615ACFF24A3}.Release|x64.ActiveCfg = Release|Any CPU
		{7659F652-836B-4ADD-83E1-F615ACFF24A3}.Release|x64.Build.0 = Release|Any CPU
		{7659F652-836B-4ADD-83E1-F615ACFF24A3}.Release|x86.ActiveCfg = Release|Any CPU
		{7659F652-836B-4ADD-83E1-F615ACFF24A3}.Release|x86.Build.0 = Release|Any CPU
	EndGlobalSection
	GlobalSection(SolutionProperties) = preSolution
		HideSolutionNode = FALSE
	EndGlobalSection
EndGlobal
